
Microsoft Visual Studio Solution File, Format Version 12.00
# Visual Studio Version 16
VisualStudioVersion = 16.0.31911.196
MinimumVisualStudioVersion = 10.0.40219.1
Project("{FAE04EC0-301F-11D3-BF4B-00C04F79EFBC}") = "Задание  Wpf14", "Задание  Wpf14\Задание  Wpf14.csproj", "{0A64F789-2EE9-4717-B9F2-E808063BAE37}"
EndProject
Global
	GlobalSection(SolutionConfigurationPlatforms) = preSolution
		Debug|Any CPU = Debug|Any CPU
		Release|Any CPU = Release|Any CPU
	EndGlobalSection
	GlobalSection(ProjectConfigurationPlatforms) = postSolution
		{0A64F789-2EE9-4717-B9F2-E808063BAE37}.Debug|Any CPU.ActiveCfg = Debug|Any CPU
		{0A64F789-2EE9-4717-B9F2-E808063BAE37}.Debug|Any CPU.Build.0 = Debug|Any CPU
		{0A64F789-2EE9-4717-B9F2-E808063BAE37}.Release|Any CPU.ActiveCfg = Release|Any CPU
		{0A64F789-2EE9-4717-B9F2-E808063BAE37}.Release|Any CPU.Build.0 = Release|Any CPU
	EndGlobalSection
	GlobalSection(SolutionProperties) = preSolution
		HideSolutionNode = FALSE
	EndGlobalSection
	GlobalSection(ExtensibilityGlobals) = postSolution
		SolutionGuid = {4D41379A-38E5-46C6-B1A8-C92F53DFB2ED}
	EndGlobalSection
EndGlobal
